
Microsoft Visual Studio Solution File, Format Version 12.00
# Visual Studio 14
VisualStudioVersion = 14.0.25420.1
MinimumVisualStudioVersion = 10.0.40219.1
Project("{FAE04EC0-301F-11D3-BF4B-00C04F79EFBC}") = "GetImageService", "GetImageService\GetImageService.csproj", "{C849F61C-BEA0-4B09-A58C-74C86AC85AC6}"
EndProject
Project("{FAE04EC0-301F-11D3-BF4B-00C04F79EFBC}") = "CloudSync", "CloudSync\CloudSync.csproj", "{39AE4133-B74B-4623-99A2-18A3C23F4491}"
EndProject
Project("{FAE04EC0-301F-11D3-BF4B-00C04F79EFBC}") = "TelegramMasevaBot", "TelegramMasevaBot\TelegramMasevaBot.csproj", "{99684E9A-7CF4-4EBA-8967-4B60C255775D}"
EndProject
Project("{FAE04EC0-301F-11D3-BF4B-00C04F79EFBC}") = "StorageToDataBaseActualizer", "StorageToDataBaseActualizer\StorageToDataBaseActualizer.csproj", "{8C7FA860-42D3-42E7-8E12-83EBCCDF088E}"
EndProject
Project("{FAE04EC0-301F-11D3-BF4B-00C04F79EFBC}") = "MD5PerformanceTest", "MD5PerformanceTest\MD5PerformanceTest.csproj", "{49AF6C91-5B84-47CC-90A9-E4126EBCA2A4}"
EndProject
Project("{FAE04EC0-301F-11D3-BF4B-00C04F79EFBC}") = "DriveApi", "DriveApi\DriveApi.csproj", "{2BCE4C89-2B8D-45A2-B361-F6BFF89AA819}"
EndProject
Project("{FAE04EC0-301F-11D3-BF4B-00C04F79EFBC}") = "MasevaDrive", "MasevaDrive\MasevaDrive.csproj", "{A58366EC-3220-4E3B-8E8B-A39728DB4612}"
EndProject
Global
	GlobalSection(SolutionConfigurationPlatforms) = preSolution
		Debug|Any CPU = Debug|Any CPU
		Debug|x64 = Debug|x64
		Release|Any CPU = Release|Any CPU
		Release|x64 = Release|x64
	EndGlobalSection
	GlobalSection(ProjectConfigurationPlatforms) = postSolution
		{C849F61C-BEA0-4B09-A58C-74C86AC85AC6}.Debug|Any CPU.ActiveCfg = Debug|Any CPU
		{C849F61C-BEA0-4B09-A58C-74C86AC85AC6}.Debug|Any CPU.Build.0 = Debug|Any CPU
		{C849F61C-BEA0-4B09-A58C-74C86AC85AC6}.Debug|x64.ActiveCfg = Debug|x64
		{C849F61C-BEA0-4B09-A58C-74C86AC85AC6}.Debug|x64.Build.0 = Debug|x64
		{C849F61C-BEA0-4B09-A58C-74C86AC85AC6}.Release|Any CPU.ActiveCfg = Release|Any CPU
		{C849F61C-BEA0-4B09-A58C-74C86AC85AC6}.Release|Any CPU.Build.0 = Release|Any CPU
		{C849F61C-BEA0-4B09-A58C-74C86AC85AC6}.Release|x64.ActiveCfg = Release|x64
		{C849F61C-BEA0-4B09-A58C-74C86AC85AC6}.Release|x64.Build.0 = Release|x64
		{39AE4133-B74B-4623-99A2-18A3C23F4491}.Debug|Any CPU.ActiveCfg = Debug|Any CPU
		{39AE4133-B74B-4623-99A2-18A3C23F4491}.Debug|Any CPU.Build.0 = Debug|Any CPU
		{39AE4133-B74B-4623-99A2-18A3C23F4491}.Debug|x64.ActiveCfg = Debug|x64
		{39AE4133-B74B-4623-99A2-18A3C23F4491}.Debug|x64.Build.0 = Debug|x64
		{39AE4133-B74B-4623-99A2-18A3C23F4491}.Release|Any CPU.ActiveCfg = Release|Any CPU
		{39AE4133-B74B-4623-99A2-18A3C23F4491}.Release|Any CPU.Build.0 = Release|Any CPU
		{39AE4133-B74B-4623-99A2-18A3C23F4491}.Release|x64.ActiveCfg = Release|x64
		{39AE4133-B74B-4623-99A2-18A3C23F4491}.Release|x64.Build.0 = Release|x64
		{99684E9A-7CF4-4EBA-8967-4B60C255775D}.Debug|Any CPU.ActiveCfg = Debug|Any CPU
		{99684E9A-7CF4-4EBA-8967-4B60C255775D}.Debug|Any CPU.Build.0 = Debug|Any CPU
		{99684E9A-7CF4-4EBA-8967-4B60C255775D}.Debug|x64.ActiveCfg = Debug|x64
		{99684E9A-7CF4-4EBA-8967-4B60C255775D}.Debug|x64.Build.0 = Debug|x64
		{99684E9A-7CF4-4EBA-8967-4B60C255775D}.Release|Any CPU.ActiveCfg = Release|Any CPU
		{99684E9A-7CF4-4EBA-8967-4B60C255775D}.Release|Any CPU.Build.0 = Release|Any CPU
		{99684E9A-7CF4-4EBA-8967-4B60C255775D}.Release|x64.ActiveCfg = Release|x64
		{99684E9A-7CF4-4EBA-8967-4B60C255775D}.Release|x64.Build.0 = Release|x64
		{8C7FA860-42D3-42E7-8E12-83EBCCDF088E}.Debug|Any CPU.ActiveCfg = Debug|Any CPU
		{8C7FA860-42D3-42E7-8E12-83EBCCDF088E}.Debug|Any CPU.Build.0 = Debug|Any CPU
		{8C7FA860-42D3-42E7-8E12-83EBCCDF088E}.Debug|x64.ActiveCfg = Debug|x64
		{8C7FA860-42D3-42E7-8E12-83EBCCDF088E}.Debug|x64.Build.0 = Debug|x64
		{8C7FA860-42D3-42E7-8E12-83EBCCDF088E}.Release|Any CPU.ActiveCfg = Release|Any CPU
		{8C7FA860-42D3-42E7-8E12-83EBCCDF088E}.Release|Any CPU.Build.0 = Release|Any CPU
		{8C7FA860-42D3-42E7-8E12-83EBCCDF088E}.Release|x64.ActiveCfg = Release|x64
		{8C7FA860-42D3-42E7-8E12-83EBCCDF088E}.Release|x64.Build.0 = Release|x64
		{49AF6C91-5B84-47CC-90A9-E4126EBCA2A4}.Debug|Any CPU.ActiveCfg = Debug|Any CPU
		{49AF6C91-5B84-47CC-90A9-E4126EBCA2A4}.Debug|Any CPU.Build.0 = Debug|Any CPU
		{49AF6C91-5B84-47CC-90A9-E4126EBCA2A4}.Debug|x64.ActiveCfg = Debug|x64
		{49AF6C91-5B84-47CC-90A9-E4126EBCA2A4}.Debug|x64.Build.0 = Debug|x64
		{49AF6C91-5B84-47CC-90A9-E4126EBCA2A4}.Release|Any CPU.ActiveCfg = Release|Any CPU
		{49AF6C91-5B84-47CC-90A9-E4126EBCA2A4}.Release|Any CPU.Build.0 = Release|Any CPU
		{49AF6C91-5B84-47CC-90A9-E4126EBCA2A4}.Release|x64.ActiveCfg = Release|x64
		{49AF6C91-5B84-47CC-90A9-E4126EBCA2A4}.Release|x64.Build.0 = Release|x64
		{2BCE4C89-2B8D-45A2-B361-F6BFF89AA819}.Debug|Any CPU.ActiveCfg = Debug|Any CPU
		{2BCE4C89-2B8D-45A2-B361-F6BFF89AA819}.Debug|Any CPU.Build.0 = Debug|Any CPU
		{2BCE4C89-2B8D-45A2-B361-F6BFF89AA819}.Debug|Any CPU.Deploy.0 = Debug|Any CPU
		{2BCE4C89-2B8D-45A2-B361-F6BFF89AA819}.Debug|x64.ActiveCfg = Debug|x64
		{2BCE4C89-2B8D-45A2-B361-F6BFF89AA819}.Debug|x64.Build.0 = Debug|x64
		{2BCE4C89-2B8D-45A2-B361-F6BFF89AA819}.Release|Any CPU.ActiveCfg = Release|Any CPU
		{2BCE4C89-2B8D-45A2-B361-F6BFF89AA819}.Release|Any CPU.Build.0 = Release|Any CPU
		{2BCE4C89-2B8D-45A2-B361-F6BFF89AA819}.Release|x64.ActiveCfg = Release|x64
		{2BCE4C89-2B8D-45A2-B361-F6BFF89AA819}.Release|x64.Build.0 = Release|x64
		{A58366EC-3220-4E3B-8E8B-A39728DB4612}.Debug|Any CPU.ActiveCfg = Debug|Any CPU
		{A58366EC-3220-4E3B-8E8B-A39728DB4612}.Debug|Any CPU.Build.0 = Debug|Any CPU
		{A58366EC-3220-4E3B-8E8B-A39728DB4612}.Debug|x64.ActiveCfg = Debug|x64
		{A58366EC-3220-4E3B-8E8B-A39728DB4612}.Debug|x64.Build.0 = Debug|x64
		{A58366EC-3220-4E3B-8E8B-A39728DB4612}.Release|Any CPU.ActiveCfg = Release|Any CPU
		{A58366EC-3220-4E3B-8E8B-A39728DB4612}.Release|Any CPU.Build.0 = Release|Any CPU
		{A58366EC-3220-4E3B-8E8B-A39728DB4612}.Release|x64.ActiveCfg = Release|x64
		{A58366EC-3220-4E3B-8E8B-A39728DB4612}.Release|x64.Build.0 = Release|x64
	EndGlobalSection
	GlobalSection(SolutionProperties) = preSolution
		HideSolutionNode = FALSE
	EndGlobalSection
	GlobalSection(ExtensibilityGlobals) = postSolution
		SolutionGuid = {67B8FAEB-B9AA-43E7-A141-137594064B24}
	EndGlobalSection
EndGlobal
